
Microsoft Visual Studio Solution File, Format Version 12.00
# Visual Studio 15
VisualStudioVersion = 15.0.28307.168
MinimumVisualStudioVersion = 10.0.40219.1
Project("{FAE04EC0-301F-11D3-BF4B-00C04F79EFBC}") = "SteamVR", "SteamVR.csproj", "{9D4AFFE5-C252-4739-CA47-72C467A8EF86}"
EndProject
Project("{FAE04EC0-301F-11D3-BF4B-00C04F79EFBC}") = "Assembly-CSharp", "Assembly-CSharp.csproj", "{3C510C45-17BA-9778-D9EF-66F423E69FDE}"
EndProject
Project("{FAE04EC0-301F-11D3-BF4B-00C04F79EFBC}") = "Assembly-CSharp-firstpass", "Assembly-CSharp-firstpass.csproj", "{1FB3D9ED-F4C3-2E98-7733-7C45506FC9EA}"
EndProject
Project("{FAE04EC0-301F-11D3-BF4B-00C04F79EFBC}") = "SteamVR_Actions", "SteamVR_Actions.csproj", "{FAA74429-1628-475B-DBEB-CCEC24BBD70B}"
EndProject
Project("{FAE04EC0-301F-11D3-BF4B-00C04F79EFBC}") = "SteamVR_Editor", "SteamVR_Editor.csproj", "{E47F667B-A179-E89A-6144-4AFDFD84CC3B}"
EndProject
Project("{FAE04EC0-301F-11D3-BF4B-00C04F79EFBC}") = "Assembly-CSharp-Editor-firstpass", "Assembly-CSharp-Editor-firstpass.csproj", "{D708BDD0-BA70-D98F-C94E-951E0AB21EB9}"
EndProject
Project("{FAE04EC0-301F-11D3-BF4B-00C04F79EFBC}") = "SteamVR_Input_Editor", "SteamVR_Input_Editor.csproj", "{29933A77-0098-6ECE-525F-052F539A2791}"
EndProject
Project("{FAE04EC0-301F-11D3-BF4B-00C04F79EFBC}") = "Assembly-CSharp-Editor", "Assembly-CSharp-Editor.csproj", "{6EAF646F-C029-C9B6-D276-6E5B804F076B}"
EndProject
Project("{FAE04EC0-301F-11D3-BF4B-00C04F79EFBC}") = "SteamVR_Windows_EditorHelper", "SteamVR_Windows_EditorHelper.csproj", "{82DDD9DC-ADDF-0E83-8D6F-465D1D4896C9}"
EndProject
Project("{9A19103F-16F7-4668-BE54-9A1E7A4F7556}") = "Open.Nat", "Open.NAT-master\Open.Nat\Open.Nat.csproj", "{861F83C4-47AE-4C04-AC59-0379AD473518}"
EndProject
Global
	GlobalSection(SolutionConfigurationPlatforms) = preSolution
		Debug|Any CPU = Debug|Any CPU
		Debug|x64 = Debug|x64
		Debug|x86 = Debug|x86
		Release|Any CPU = Release|Any CPU
		Release|x64 = Release|x64
		Release|x86 = Release|x86
	EndGlobalSection
	GlobalSection(ProjectConfigurationPlatforms) = postSolution
		{9D4AFFE5-C252-4739-CA47-72C467A8EF86}.Debug|Any CPU.ActiveCfg = Debug|Any CPU
		{9D4AFFE5-C252-4739-CA47-72C467A8EF86}.Debug|Any CPU.Build.0 = Debug|Any CPU
		{9D4AFFE5-C252-4739-CA47-72C467A8EF86}.Debug|x64.ActiveCfg = Debug|Any CPU
		{9D4AFFE5-C252-4739-CA47-72C467A8EF86}.Debug|x64.Build.0 = Debug|Any CPU
		{9D4AFFE5-C252-4739-CA47-72C467A8EF86}.Debug|x86.ActiveCfg = Debug|Any CPU
		{9D4AFFE5-C252-4739-CA47-72C467A8EF86}.Debug|x86.Build.0 = Debug|Any CPU
		{9D4AFFE5-C252-4739-CA47-72C467A8EF86}.Release|Any CPU.ActiveCfg = Release|Any CPU
		{9D4AFFE5-C252-4739-CA47-72C467A8EF86}.Release|Any CPU.Build.0 = Release|Any CPU
		{9D4AFFE5-C252-4739-CA47-72C467A8EF86}.Release|x64.ActiveCfg = Release|Any CPU
		{9D4AFFE5-C252-4739-CA47-72C467A8EF86}.Release|x64.Build.0 = Release|Any CPU
		{9D4AFFE5-C252-4739-CA47-72C467A8EF86}.Release|x86.ActiveCfg = Release|Any CPU
		{9D4AFFE5-C252-4739-CA47-72C467A8EF86}.Release|x86.Build.0 = Release|Any CPU
		{3C510C45-17BA-9778-D9EF-66F423E69FDE}.Debug|Any CPU.ActiveCfg = Debug|Any CPU
		{3C510C45-17BA-9778-D9EF-66F423E69FDE}.Debug|Any CPU.Build.0 = Debug|Any CPU
		{3C510C45-17BA-9778-D9EF-66F423E69FDE}.Debug|x64.ActiveCfg = Debug|Any CPU
		{3C510C45-17BA-9778-D9EF-66F423E69FDE}.Debug|x64.Build.0 = Debug|Any CPU
		{3C510C45-17BA-9778-D9EF-66F423E69FDE}.Debug|x86.ActiveCfg = Debug|Any CPU
		{3C510C45-17BA-9778-D9EF-66F423E69FDE}.Debug|x86.Build.0 = Debug|Any CPU
		{3C510C45-17BA-9778-D9EF-66F423E69FDE}.Release|Any CPU.ActiveCfg = Release|Any CPU
		{3C510C45-17BA-9778-D9EF-66F423E69FDE}.Release|Any CPU.Build.0 = Release|Any CPU
		{3C510C45-17BA-9778-D9EF-66F423E69FDE}.Release|x64.ActiveCfg = Release|Any CPU
		{3C510C45-17BA-9778-D9EF-66F423E69FDE}.Release|x64.Build.0 = Release|Any CPU
		{3C510C45-17BA-9778-D9EF-66F423E69FDE}.Release|x86.ActiveCfg = Release|Any CPU
		{3C510C45-17BA-9778-D9EF-66F423E69FDE}.Release|x86.Build.0 = Release|Any CPU
		{1FB3D9ED-F4C3-2E98-7733-7C45506FC9EA}.Debug|Any CPU.ActiveCfg = Debug|Any CPU
		{1FB3D9ED-F4C3-2E98-7733-7C45506FC9EA}.Debug|Any CPU.Build.0 = Debug|Any CPU
		{1FB3D9ED-F4C3-2E98-7733-7C45506FC9EA}.Debug|x64.ActiveCfg = Debug|Any CPU
		{1FB3D9ED-F4C3-2E98-7733-7C45506FC9EA}.Debug|x64.Build.0 = Debug|Any CPU
		{1FB3D9ED-F4C3-2E98-7733-7C45506FC9EA}.Debug|x86.ActiveCfg = Debug|Any CPU
		{1FB3D9ED-F4C3-2E98-7733-7C45506FC9EA}.Debug|x86.Build.0 = Debug|Any CPU
		{1FB3D9ED-F4C3-2E98-7733-7C45506FC9EA}.Release|Any CPU.ActiveCfg = Release|Any CPU
		{1FB3D9ED-F4C3-2E98-7733-7C45506FC9EA}.Release|Any CPU.Build.0 = Release|Any CPU
		{1FB3D9ED-F4C3-2E98-7733-7C45506FC9EA}.Release|x64.ActiveCfg = Release|Any CPU
		{1FB3D9ED-F4C3-2E98-7733-7C45506FC9EA}.Release|x64.Build.0 = Release|Any CPU
		{1FB3D9ED-F4C3-2E98-7733-7C45506FC9EA}.Release|x86.ActiveCfg = Release|Any CPU
		{1FB3D9ED-F4C3-2E98-7733-7C45506FC9EA}.Release|x86.Build.0 = Release|Any CPU
		{FAA74429-1628-475B-DBEB-CCEC24BBD70B}.Debug|Any CPU.ActiveCfg = Debug|Any CPU
		{FAA74429-1628-475B-DBEB-CCEC24BBD70B}.Debug|Any CPU.Build.0 = Debug|Any CPU
		{FAA74429-1628-475B-DBEB-CCEC24BBD70B}.Debug|x64.ActiveCfg = Debug|Any CPU
		{FAA74429-1628-475B-DBEB-CCEC24BBD70B}.Debug|x64.Build.0 = Debug|Any CPU
		{FAA74429-1628-475B-DBEB-CCEC24BBD70B}.Debug|x86.ActiveCfg = Debug|Any CPU
		{FAA74429-1628-475B-DBEB-CCEC24BBD70B}.Debug|x86.Build.0 = Debug|Any CPU
		{FAA74429-1628-475B-DBEB-CCEC24BBD70B}.Release|Any CPU.ActiveCfg = Release|Any CPU
		{FAA74429-1628-475B-DBEB-CCEC24BBD70B}.Release|Any CPU.Build.0 = Release|Any CPU
		{FAA74429-1628-475B-DBEB-CCEC24BBD70B}.Release|x64.ActiveCfg = Release|Any CPU
		{FAA74429-1628-475B-DBEB-CCEC24BBD70B}.Release|x64.Build.0 = Release|Any CPU
		{FAA74429-1628-475B-DBEB-CCEC24BBD70B}.Release|x86.ActiveCfg = Release|Any CPU
		{FAA74429-1628-475B-DBEB-CCEC24BBD70B}.Release|x86.Build.0 = Release|Any CPU
		{E47F667B-A179-E89A-6144-4AFDFD84CC3B}.Debug|Any CPU.ActiveCfg = Debug|Any CPU
		{E47F667B-A179-E89A-6144-4AFDFD84CC3B}.Debug|Any CPU.Build.0 = Debug|Any CPU
		{E47F667B-A179-E89A-6144-4AFDFD84CC3B}.Debug|x64.ActiveCfg = Debug|Any CPU
		{E47F667B-A179-E89A-6144-4AFDFD84CC3B}.Debug|x64.Build.0 = Debug|Any CPU
		{E47F667B-A179-E89A-6144-4AFDFD84CC3B}.Debug|x86.ActiveCfg = Debug|Any CPU
		{E47F667B-A179-E89A-6144-4AFDFD84CC3B}.Debug|x86.Build.0 = Debug|Any CPU
		{E47F667B-A179-E89A-6144-4AFDFD84CC3B}.Release|Any CPU.ActiveCfg = Release|Any CPU
		{E47F667B-A179-E89A-6144-4AFDFD84CC3B}.Release|Any CPU.Build.0 = Release|Any CPU
		{E47F667B-A179-E89A-6144-4AFDFD84CC3B}.Release|x64.ActiveCfg = Release|Any CPU
		{E47F667B-A179-E89A-6144-4AFDFD84CC3B}.Release|x64.Build.0 = Release|Any CPU
		{E47F667B-A179-E89A-6144-4AFDFD84CC3B}.Release|x86.ActiveCfg = Release|Any CPU
		{E47F667B-A179-E89A-6144-4AFDFD84CC3B}.Release|x86.Build.0 = Release|Any CPU
		{D708BDD0-BA70-D98F-C94E-951E0AB21EB9}.Debug|Any CPU.ActiveCfg = Debug|Any CPU
		{D708BDD0-BA70-D98F-C94E-951E0AB21EB9}.Debug|Any CPU.Build.0 = Debug|Any CPU
		{D708BDD0-BA70-D98F-C94E-951E0AB21EB9}.Debug|x64.ActiveCfg = Debug|Any CPU
		{D708BDD0-BA70-D98F-C94E-951E0AB21EB9}.Debug|x64.Build.0 = Debug|Any CPU
		{D708BDD0-BA70-D98F-C94E-951E0AB21EB9}.Debug|x86.ActiveCfg = Debug|Any CPU
		{D708BDD0-BA70-D98F-C94E-951E0AB21EB9}.Debug|x86.Build.0 = Debug|Any CPU
		{D708BDD0-BA70-D98F-C94E-951E0AB21EB9}.Release|Any CPU.ActiveCfg = Release|Any CPU
		{D708BDD0-BA70-D98F-C94E-951E0AB21EB9}.Release|Any CPU.Build.0 = Release|Any CPU
		{D708BDD0-BA70-D98F-C94E-951E0AB21EB9}.Release|x64.ActiveCfg = Release|Any CPU
		{D708BDD0-BA70-D98F-C94E-951E0AB21EB9}.Release|x64.Build.0 = Release|Any CPU
		{D708BDD0-BA70-D98F-C94E-951E0AB21EB9}.Release|x86.ActiveCfg = Release|Any CPU
		{D708BDD0-BA70-D98F-C94E-951E0AB21EB9}.Release|x86.Build.0 = Release|Any CPU
		{29933A77-0098-6ECE-525F-052F539A2791}.Debug|Any CPU.ActiveCfg = Debug|Any CPU
		{29933A77-0098-6ECE-525F-052F539A2791}.Debug|Any CPU.Build.0 = Debug|Any CPU
		{29933A77-0098-6ECE-525F-052F539A2791}.Debug|x64.ActiveCfg = Debug|Any CPU
		{29933A77-0098-6ECE-525F-052F539A2791}.Debug|x64.Build.0 = Debug|Any CPU
		{29933A77-0098-6ECE-525F-052F539A2791}.Debug|x86.ActiveCfg = Debug|Any CPU
		{29933A77-0098-6ECE-525F-052F539A2791}.Debug|x86.Build.0 = Debug|Any CPU
		{29933A77-0098-6ECE-525F-052F539A2791}.Release|Any CPU.ActiveCfg = Release|Any CPU
		{29933A77-0098-6ECE-525F-052F539A2791}.Release|Any CPU.Build.0 = Release|Any CPU
		{29933A77-0098-6ECE-525F-052F539A2791}.Release|x64.ActiveCfg = Release|Any CPU
		{29933A77-0098-6ECE-525F-052F539A2791}.Release|x64.Build.0 = Release|Any CPU
		{29933A77-0098-6ECE-525F-052F539A2791}.Release|x86.ActiveCfg = Release|Any CPU
		{29933A77-0098-6ECE-525F-052F539A2791}.Release|x86.Build.0 = Release|Any CPU
		{6EAF646F-C029-C9B6-D276-6E5B804F076B}.Debug|Any CPU.ActiveCfg = Debug|Any CPU
		{6EAF646F-C029-C9B6-D276-6E5B804F076B}.Debug|Any CPU.Build.0 = Debug|Any CPU
		{6EAF646F-C029-C9B6-D276-6E5B804F076B}.Debug|x64.ActiveCfg = Debug|Any CPU
		{6EAF646F-C029-C9B6-D276-6E5B804F076B}.Debug|x64.Build.0 = Debug|Any CPU
		{6EAF646F-C029-C9B6-D276-6E5B804F076B}.Debug|x86.ActiveCfg = Debug|Any CPU
		{6EAF646F-C029-C9B6-D276-6E5B804F076B}.Debug|x86.Build.0 = Debug|Any CPU
		{6EAF646F-C029-C9B6-D276-6E5B804F076B}.Release|Any CPU.ActiveCfg = Release|Any CPU
		{6EAF646F-C029-C9B6-D276-6E5B804F076B}.Release|Any CPU.Build.0 = Release|Any CPU
		{6EAF646F-C029-C9B6-D276-6E5B804F076B}.Release|x64.ActiveCfg = Release|Any CPU
		{6EAF646F-C029-C9B6-D276-6E5B804F076B}.Release|x64.Build.0 = Release|Any CPU
		{6EAF646F-C029-C9B6-D276-6E5B804F076B}.Release|x86.ActiveCfg = Release|Any CPU
		{6EAF646F-C029-C9B6-D276-6E5B804F076B}.Release|x86.Build.0 = Release|Any CPU
		{82DDD9DC-ADDF-0E83-8D6F-465D1D4896C9}.Debug|Any CPU.ActiveCfg = Debug|Any CPU
		{82DDD9DC-ADDF-0E83-8D6F-465D1D4896C9}.Debug|Any CPU.Build.0 = Debug|Any CPU
		{82DDD9DC-ADDF-0E83-8D6F-465D1D4896C9}.Debug|x64.ActiveCfg = Debug|Any CPU
		{82DDD9DC-ADDF-0E83-8D6F-465D1D4896C9}.Debug|x64.Build.0 = Debug|Any CPU
		{82DDD9DC-ADDF-0E83-8D6F-465D1D4896C9}.Debug|x86.ActiveCfg = Debug|Any CPU
		{82DDD9DC-ADDF-0E83-8D6F-465D1D4896C9}.Debug|x86.Build.0 = Debug|Any CPU
		{82DDD9DC-ADDF-0E83-8D6F-465D1D4896C9}.Release|Any CPU.ActiveCfg = Release|Any CPU
		{82DDD9DC-ADDF-0E83-8D6F-465D1D4896C9}.Release|Any CPU.Build.0 = Release|Any CPU
		{82DDD9DC-ADDF-0E83-8D6F-465D1D4896C9}.Release|x64.ActiveCfg = Release|Any CPU
		{82DDD9DC-ADDF-0E83-8D6F-465D1D4896C9}.Release|x64.Build.0 = Release|Any CPU
		{82DDD9DC-ADDF-0E83-8D6F-465D1D4896C9}.Release|x86.ActiveCfg = Release|Any CPU
		{82DDD9DC-ADDF-0E83-8D6F-465D1D4896C9}.Release|x86.Build.0 = Release|Any CPU
		{861F83C4-47AE-4C04-AC59-0379AD473518}.Debug|Any CPU.ActiveCfg = Debug|Any CPU
		{861F83C4-47AE-4C04-AC59-0379AD473518}.Debug|Any CPU.Build.0 = Debug|Any CPU
		{861F83C4-47AE-4C04-AC59-0379AD473518}.Debug|x64.ActiveCfg = Debug|x64
		{861F83C4-47AE-4C04-AC59-0379AD473518}.Debug|x64.Build.0 = Debug|x64
		{861F83C4-47AE-4C04-AC59-0379AD473518}.Debug|x86.ActiveCfg = Debug|x86
		{861F83C4-47AE-4C04-AC59-0379AD473518}.Debug|x86.Build.0 = Debug|x86
		{861F83C4-47AE-4C04-AC59-0379AD473518}.Release|Any CPU.ActiveCfg = Release|Any CPU
		{861F83C4-47AE-4C04-AC59-0379AD473518}.Release|Any CPU.Build.0 = Release|Any CPU
		{861F83C4-47AE-4C04-AC59-0379AD473518}.Release|x64.ActiveCfg = Release|x64
		{861F83C4-47AE-4C04-AC59-0379AD473518}.Release|x64.Build.0 = Release|x64
		{861F83C4-47AE-4C04-AC59-0379AD473518}.Release|x86.ActiveCfg = Release|x86
		{861F83C4-47AE-4C04-AC59-0379AD473518}.Release|x86.Build.0 = Release|x86
	EndGlobalSection
	GlobalSection(SolutionProperties) = preSolution
		HideSolutionNode = FALSE
	EndGlobalSection
	GlobalSection(ExtensibilityGlobals) = postSolution
		SolutionGuid = {CA5811D4-FF07-4FE8-BF11-B0F55044654C}
	EndGlobalSection
EndGlobal
