
Microsoft Visual Studio Solution File, Format Version 12.00
# Visual Studio for Mac
Project("{FAE04EC0-301F-11D3-BF4B-00C04F79EFBC}") = "Assembly-CSharp", "Assembly-CSharp.csproj", "{CD0370EB-D643-A57B-5860-DB4CBC30B984}"
EndProject
Project("{FAE04EC0-301F-11D3-BF4B-00C04F79EFBC}") = "Assembly-CSharp-firstpass", "Assembly-CSharp-firstpass.csproj", "{655767CD-AC4A-4BB3-BF5D-261989BACE6A}"
EndProject
Project("{FAE04EC0-301F-11D3-BF4B-00C04F79EFBC}") = "Oculus.VR", "Oculus.VR.csproj", "{5C9A693F-09AD-1FD6-6C4A-8CB92CA4624E}"
EndProject
Project("{FAE04EC0-301F-11D3-BF4B-00C04F79EFBC}") = "Assembly-CSharp-Editor", "Assembly-CSharp-Editor.csproj", "{32CAAAAE-6479-D7F4-50BC-BC1246785CFB}"
EndProject
Project("{FAE04EC0-301F-11D3-BF4B-00C04F79EFBC}") = "Assembly-CSharp-Editor-firstpass", "Assembly-CSharp-Editor-firstpass.csproj", "{5DDDD7B8-D7DA-6432-5BFE-99495A174376}"
EndProject
Project("{FAE04EC0-301F-11D3-BF4B-00C04F79EFBC}") = "Oculus.VR.Scripts.Editor", "Oculus.VR.Scripts.Editor.csproj", "{92CBDDE9-895A-B7C9-9133-01B00BB78202}"
EndProject
Project("{FAE04EC0-301F-11D3-BF4B-00C04F79EFBC}") = "Oculus.VR.Editor", "Oculus.VR.Editor.csproj", "{3AA4C787-3B4C-B0F9-878A-30D602FAE177}"
EndProject
Global
	GlobalSection(SolutionConfigurationPlatforms) = preSolution
		Debug|Any CPU = Debug|Any CPU
		Release|Any CPU = Release|Any CPU
	EndGlobalSection
	GlobalSection(ProjectConfigurationPlatforms) = postSolution
		{CD0370EB-D643-A57B-5860-DB4CBC30B984}.Debug|Any CPU.ActiveCfg = Debug|Any CPU
		{CD0370EB-D643-A57B-5860-DB4CBC30B984}.Debug|Any CPU.Build.0 = Debug|Any CPU
		{CD0370EB-D643-A57B-5860-DB4CBC30B984}.Release|Any CPU.ActiveCfg = Release|Any CPU
		{CD0370EB-D643-A57B-5860-DB4CBC30B984}.Release|Any CPU.Build.0 = Release|Any CPU
		{655767CD-AC4A-4BB3-BF5D-261989BACE6A}.Debug|Any CPU.ActiveCfg = Debug|Any CPU
		{655767CD-AC4A-4BB3-BF5D-261989BACE6A}.Debug|Any CPU.Build.0 = Debug|Any CPU
		{655767CD-AC4A-4BB3-BF5D-261989BACE6A}.Release|Any CPU.ActiveCfg = Release|Any CPU
		{655767CD-AC4A-4BB3-BF5D-261989BACE6A}.Release|Any CPU.Build.0 = Release|Any CPU
		{5C9A693F-09AD-1FD6-6C4A-8CB92CA4624E}.Debug|Any CPU.ActiveCfg = Debug|Any CPU
		{5C9A693F-09AD-1FD6-6C4A-8CB92CA4624E}.Debug|Any CPU.Build.0 = Debug|Any CPU
		{5C9A693F-09AD-1FD6-6C4A-8CB92CA4624E}.Release|Any CPU.ActiveCfg = Release|Any CPU
		{5C9A693F-09AD-1FD6-6C4A-8CB92CA4624E}.Release|Any CPU.Build.0 = Release|Any CPU
		{32CAAAAE-6479-D7F4-50BC-BC1246785CFB}.Debug|Any CPU.ActiveCfg = Debug|Any CPU
		{32CAAAAE-6479-D7F4-50BC-BC1246785CFB}.Debug|Any CPU.Build.0 = Debug|Any CPU
		{32CAAAAE-6479-D7F4-50BC-BC1246785CFB}.Release|Any CPU.ActiveCfg = Release|Any CPU
		{32CAAAAE-6479-D7F4-50BC-BC1246785CFB}.Release|Any CPU.Build.0 = Release|Any CPU
		{5DDDD7B8-D7DA-6432-5BFE-99495A174376}.Debug|Any CPU.ActiveCfg = Debug|Any CPU
		{5DDDD7B8-D7DA-6432-5BFE-99495A174376}.Debug|Any CPU.Build.0 = Debug|Any CPU
		{5DDDD7B8-D7DA-6432-5BFE-99495A174376}.Release|Any CPU.ActiveCfg = Release|Any CPU
		{5DDDD7B8-D7DA-6432-5BFE-99495A174376}.Release|Any CPU.Build.0 = Release|Any CPU
		{92CBDDE9-895A-B7C9-9133-01B00BB78202}.Debug|Any CPU.ActiveCfg = Debug|Any CPU
		{92CBDDE9-895A-B7C9-9133-01B00BB78202}.Debug|Any CPU.Build.0 = Debug|Any CPU
		{92CBDDE9-895A-B7C9-9133-01B00BB78202}.Release|Any CPU.ActiveCfg = Release|Any CPU
		{92CBDDE9-895A-B7C9-9133-01B00BB78202}.Release|Any CPU.Build.0 = Release|Any CPU
		{3AA4C787-3B4C-B0F9-878A-30D602FAE177}.Debug|Any CPU.ActiveCfg = Debug|Any CPU
		{3AA4C787-3B4C-B0F9-878A-30D602FAE177}.Debug|Any CPU.Build.0 = Debug|Any CPU
		{3AA4C787-3B4C-B0F9-878A-30D602FAE177}.Release|Any CPU.ActiveCfg = Release|Any CPU
		{3AA4C787-3B4C-B0F9-878A-30D602FAE177}.Release|Any CPU.Build.0 = Release|Any CPU
	EndGlobalSection
	GlobalSection(SolutionProperties) = preSolution
		HideSolutionNode = FALSE
	EndGlobalSection
EndGlobal
