
Microsoft Visual Studio Solution File, Format Version 12.00
# Visual Studio 15
Project("{FAE04EC0-301F-11D3-BF4B-00C04F79EFBC}") = "Assembly-CSharp", "Assembly-CSharp.csproj", "{11164039-5B85-B499-3BFC-7C6BD754B227}"
EndProject
Project("{FAE04EC0-301F-11D3-BF4B-00C04F79EFBC}") = "Assembly-CSharp-firstpass", "Assembly-CSharp-firstpass.csproj", "{A481006E-72C6-A4BB-CAC6-6BD771EF6F4B}"
EndProject
Project("{FAE04EC0-301F-11D3-BF4B-00C04F79EFBC}") = "Oculus.VR", "Oculus.VR.csproj", "{445D3B09-F269-E997-1BD7-DE810E686D7E}"
EndProject
Project("{FAE04EC0-301F-11D3-BF4B-00C04F79EFBC}") = "Assembly-CSharp-Editor", "Assembly-CSharp-Editor.csproj", "{CC3311AE-E3D0-445D-88A9-D4BB8DE54477}"
EndProject
Project("{FAE04EC0-301F-11D3-BF4B-00C04F79EFBC}") = "Assembly-CSharp-Editor-firstpass", "Assembly-CSharp-Editor-firstpass.csproj", "{9C990348-2B28-C88A-1149-C479B6F6CFC3}"
EndProject
Project("{FAE04EC0-301F-11D3-BF4B-00C04F79EFBC}") = "Oculus.VR.Scripts.Editor", "Oculus.VR.Scripts.Editor.csproj", "{8DCB0301-2030-136B-2EF4-4CB083A32E84}"
EndProject
Project("{FAE04EC0-301F-11D3-BF4B-00C04F79EFBC}") = "Oculus.VR.Editor", "Oculus.VR.Editor.csproj", "{C8EE6049-2AB2-B101-53FC-1F75246DDF6D}"
EndProject
Global
	GlobalSection(SolutionConfigurationPlatforms) = preSolution
		Debug|Any CPU = Debug|Any CPU
		Release|Any CPU = Release|Any CPU
	EndGlobalSection
	GlobalSection(ProjectConfigurationPlatforms) = postSolution
		{11164039-5B85-B499-3BFC-7C6BD754B227}.Debug|Any CPU.ActiveCfg = Debug|Any CPU
		{11164039-5B85-B499-3BFC-7C6BD754B227}.Debug|Any CPU.Build.0 = Debug|Any CPU
		{11164039-5B85-B499-3BFC-7C6BD754B227}.Release|Any CPU.ActiveCfg = Release|Any CPU
		{11164039-5B85-B499-3BFC-7C6BD754B227}.Release|Any CPU.Build.0 = Release|Any CPU
		{A481006E-72C6-A4BB-CAC6-6BD771EF6F4B}.Debug|Any CPU.ActiveCfg = Debug|Any CPU
		{A481006E-72C6-A4BB-CAC6-6BD771EF6F4B}.Debug|Any CPU.Build.0 = Debug|Any CPU
		{A481006E-72C6-A4BB-CAC6-6BD771EF6F4B}.Release|Any CPU.ActiveCfg = Release|Any CPU
		{A481006E-72C6-A4BB-CAC6-6BD771EF6F4B}.Release|Any CPU.Build.0 = Release|Any CPU
		{445D3B09-F269-E997-1BD7-DE810E686D7E}.Debug|Any CPU.ActiveCfg = Debug|Any CPU
		{445D3B09-F269-E997-1BD7-DE810E686D7E}.Debug|Any CPU.Build.0 = Debug|Any CPU
		{445D3B09-F269-E997-1BD7-DE810E686D7E}.Release|Any CPU.ActiveCfg = Release|Any CPU
		{445D3B09-F269-E997-1BD7-DE810E686D7E}.Release|Any CPU.Build.0 = Release|Any CPU
		{CC3311AE-E3D0-445D-88A9-D4BB8DE54477}.Debug|Any CPU.ActiveCfg = Debug|Any CPU
		{CC3311AE-E3D0-445D-88A9-D4BB8DE54477}.Debug|Any CPU.Build.0 = Debug|Any CPU
		{CC3311AE-E3D0-445D-88A9-D4BB8DE54477}.Release|Any CPU.ActiveCfg = Release|Any CPU
		{CC3311AE-E3D0-445D-88A9-D4BB8DE54477}.Release|Any CPU.Build.0 = Release|Any CPU
		{9C990348-2B28-C88A-1149-C479B6F6CFC3}.Debug|Any CPU.ActiveCfg = Debug|Any CPU
		{9C990348-2B28-C88A-1149-C479B6F6CFC3}.Debug|Any CPU.Build.0 = Debug|Any CPU
		{9C990348-2B28-C88A-1149-C479B6F6CFC3}.Release|Any CPU.ActiveCfg = Release|Any CPU
		{9C990348-2B28-C88A-1149-C479B6F6CFC3}.Release|Any CPU.Build.0 = Release|Any CPU
		{8DCB0301-2030-136B-2EF4-4CB083A32E84}.Debug|Any CPU.ActiveCfg = Debug|Any CPU
		{8DCB0301-2030-136B-2EF4-4CB083A32E84}.Debug|Any CPU.Build.0 = Debug|Any CPU
		{8DCB0301-2030-136B-2EF4-4CB083A32E84}.Release|Any CPU.ActiveCfg = Release|Any CPU
		{8DCB0301-2030-136B-2EF4-4CB083A32E84}.Release|Any CPU.Build.0 = Release|Any CPU
		{C8EE6049-2AB2-B101-53FC-1F75246DDF6D}.Debug|Any CPU.ActiveCfg = Debug|Any CPU
		{C8EE6049-2AB2-B101-53FC-1F75246DDF6D}.Debug|Any CPU.Build.0 = Debug|Any CPU
		{C8EE6049-2AB2-B101-53FC-1F75246DDF6D}.Release|Any CPU.ActiveCfg = Release|Any CPU
		{C8EE6049-2AB2-B101-53FC-1F75246DDF6D}.Release|Any CPU.Build.0 = Release|Any CPU
	EndGlobalSection
	GlobalSection(SolutionProperties) = preSolution
		HideSolutionNode = FALSE
	EndGlobalSection
EndGlobal
