
Microsoft Visual Studio Solution File, Format Version 12.00
# Visual Studio 15
Project("{FAE04EC0-301F-11D3-BF4B-00C04F79EFBC}") = "Oculus.Platform", "Oculus.Platform.csproj", "{A53459B4-6651-409B-2204-D9E3A851BDE4}"
EndProject
Project("{FAE04EC0-301F-11D3-BF4B-00C04F79EFBC}") = "FMODUnity", "FMODUnity.csproj", "{B4C3FC98-13B1-AAA7-3EB8-DAAF881D32BC}"
EndProject
Project("{FAE04EC0-301F-11D3-BF4B-00C04F79EFBC}") = "Oculus.VR", "Oculus.VR.csproj", "{CAD325A7-DCBA-C508-A5C8-0538338436EB}"
EndProject
Project("{FAE04EC0-301F-11D3-BF4B-00C04F79EFBC}") = "Assembly-CSharp", "Assembly-CSharp.csproj", "{6FF38BD9-799D-B94B-EA57-33CAC3E1EFA5}"
EndProject
Project("{FAE04EC0-301F-11D3-BF4B-00C04F79EFBC}") = "FMODUnityResonance", "FMODUnityResonance.csproj", "{B26D002F-6DE6-300B-180D-3D3F4CD58689}"
EndProject
Project("{FAE04EC0-301F-11D3-BF4B-00C04F79EFBC}") = "Oculus.Platform.Editor", "Oculus.Platform.Editor.csproj", "{97E90721-E762-C1B1-C0F1-B750B9121F87}"
EndProject
Project("{FAE04EC0-301F-11D3-BF4B-00C04F79EFBC}") = "FMODUnityEditor", "FMODUnityEditor.csproj", "{BEB14A7F-3CC5-5CF6-C97B-EA3B1A2CD813}"
EndProject
Project("{FAE04EC0-301F-11D3-BF4B-00C04F79EFBC}") = "Oculus.VR.Editor", "Oculus.VR.Editor.csproj", "{4FE02147-59AE-7770-2504-AD278C689378}"
EndProject
Project("{FAE04EC0-301F-11D3-BF4B-00C04F79EFBC}") = "FMODUnityResonanceEditor", "FMODUnityResonanceEditor.csproj", "{9604EC60-5CC9-1B47-BFB5-267F10012F9E}"
EndProject
Project("{FAE04EC0-301F-11D3-BF4B-00C04F79EFBC}") = "Oculus.VR.Scripts.Editor", "Oculus.VR.Scripts.Editor.csproj", "{E79D55C0-B8FF-C90E-CE86-47F81E1536E4}"
EndProject
Global
	GlobalSection(SolutionConfigurationPlatforms) = preSolution
		Debug|Any CPU = Debug|Any CPU
		Release|Any CPU = Release|Any CPU
	EndGlobalSection
	GlobalSection(ProjectConfigurationPlatforms) = postSolution
		{A53459B4-6651-409B-2204-D9E3A851BDE4}.Debug|Any CPU.ActiveCfg = Debug|Any CPU
		{A53459B4-6651-409B-2204-D9E3A851BDE4}.Debug|Any CPU.Build.0 = Debug|Any CPU
		{A53459B4-6651-409B-2204-D9E3A851BDE4}.Release|Any CPU.ActiveCfg = Release|Any CPU
		{A53459B4-6651-409B-2204-D9E3A851BDE4}.Release|Any CPU.Build.0 = Release|Any CPU
		{B4C3FC98-13B1-AAA7-3EB8-DAAF881D32BC}.Debug|Any CPU.ActiveCfg = Debug|Any CPU
		{B4C3FC98-13B1-AAA7-3EB8-DAAF881D32BC}.Debug|Any CPU.Build.0 = Debug|Any CPU
		{B4C3FC98-13B1-AAA7-3EB8-DAAF881D32BC}.Release|Any CPU.ActiveCfg = Release|Any CPU
		{B4C3FC98-13B1-AAA7-3EB8-DAAF881D32BC}.Release|Any CPU.Build.0 = Release|Any CPU
		{CAD325A7-DCBA-C508-A5C8-0538338436EB}.Debug|Any CPU.ActiveCfg = Debug|Any CPU
		{CAD325A7-DCBA-C508-A5C8-0538338436EB}.Debug|Any CPU.Build.0 = Debug|Any CPU
		{CAD325A7-DCBA-C508-A5C8-0538338436EB}.Release|Any CPU.ActiveCfg = Release|Any CPU
		{CAD325A7-DCBA-C508-A5C8-0538338436EB}.Release|Any CPU.Build.0 = Release|Any CPU
		{6FF38BD9-799D-B94B-EA57-33CAC3E1EFA5}.Debug|Any CPU.ActiveCfg = Debug|Any CPU
		{6FF38BD9-799D-B94B-EA57-33CAC3E1EFA5}.Debug|Any CPU.Build.0 = Debug|Any CPU
		{6FF38BD9-799D-B94B-EA57-33CAC3E1EFA5}.Release|Any CPU.ActiveCfg = Release|Any CPU
		{6FF38BD9-799D-B94B-EA57-33CAC3E1EFA5}.Release|Any CPU.Build.0 = Release|Any CPU
		{B26D002F-6DE6-300B-180D-3D3F4CD58689}.Debug|Any CPU.ActiveCfg = Debug|Any CPU
		{B26D002F-6DE6-300B-180D-3D3F4CD58689}.Debug|Any CPU.Build.0 = Debug|Any CPU
		{B26D002F-6DE6-300B-180D-3D3F4CD58689}.Release|Any CPU.ActiveCfg = Release|Any CPU
		{B26D002F-6DE6-300B-180D-3D3F4CD58689}.Release|Any CPU.Build.0 = Release|Any CPU
		{97E90721-E762-C1B1-C0F1-B750B9121F87}.Debug|Any CPU.ActiveCfg = Debug|Any CPU
		{97E90721-E762-C1B1-C0F1-B750B9121F87}.Debug|Any CPU.Build.0 = Debug|Any CPU
		{97E90721-E762-C1B1-C0F1-B750B9121F87}.Release|Any CPU.ActiveCfg = Release|Any CPU
		{97E90721-E762-C1B1-C0F1-B750B9121F87}.Release|Any CPU.Build.0 = Release|Any CPU
		{BEB14A7F-3CC5-5CF6-C97B-EA3B1A2CD813}.Debug|Any CPU.ActiveCfg = Debug|Any CPU
		{BEB14A7F-3CC5-5CF6-C97B-EA3B1A2CD813}.Debug|Any CPU.Build.0 = Debug|Any CPU
		{BEB14A7F-3CC5-5CF6-C97B-EA3B1A2CD813}.Release|Any CPU.ActiveCfg = Release|Any CPU
		{BEB14A7F-3CC5-5CF6-C97B-EA3B1A2CD813}.Release|Any CPU.Build.0 = Release|Any CPU
		{4FE02147-59AE-7770-2504-AD278C689378}.Debug|Any CPU.ActiveCfg = Debug|Any CPU
		{4FE02147-59AE-7770-2504-AD278C689378}.Debug|Any CPU.Build.0 = Debug|Any CPU
		{4FE02147-59AE-7770-2504-AD278C689378}.Release|Any CPU.ActiveCfg = Release|Any CPU
		{4FE02147-59AE-7770-2504-AD278C689378}.Release|Any CPU.Build.0 = Release|Any CPU
		{9604EC60-5CC9-1B47-BFB5-267F10012F9E}.Debug|Any CPU.ActiveCfg = Debug|Any CPU
		{9604EC60-5CC9-1B47-BFB5-267F10012F9E}.Debug|Any CPU.Build.0 = Debug|Any CPU
		{9604EC60-5CC9-1B47-BFB5-267F10012F9E}.Release|Any CPU.ActiveCfg = Release|Any CPU
		{9604EC60-5CC9-1B47-BFB5-267F10012F9E}.Release|Any CPU.Build.0 = Release|Any CPU
		{E79D55C0-B8FF-C90E-CE86-47F81E1536E4}.Debug|Any CPU.ActiveCfg = Debug|Any CPU
		{E79D55C0-B8FF-C90E-CE86-47F81E1536E4}.Debug|Any CPU.Build.0 = Debug|Any CPU
		{E79D55C0-B8FF-C90E-CE86-47F81E1536E4}.Release|Any CPU.ActiveCfg = Release|Any CPU
		{E79D55C0-B8FF-C90E-CE86-47F81E1536E4}.Release|Any CPU.Build.0 = Release|Any CPU
	EndGlobalSection
	GlobalSection(SolutionProperties) = preSolution
		HideSolutionNode = FALSE
	EndGlobalSection
EndGlobal
