
Microsoft Visual Studio Solution File, Format Version 12.00
# Visual Studio 15
Project("{FAE04EC0-301F-11D3-BF4B-00C04F79EFBC}") = "FMODUnity", "FMODUnity.csproj", "{63513F84-33B1-2034-4CC7-F903BCA3C9EC}"
EndProject
Project("{FAE04EC0-301F-11D3-BF4B-00C04F79EFBC}") = "com.rlabrecque.steamworks.net", "com.rlabrecque.steamworks.net.csproj", "{D57663B5-84C2-06EA-4588-0C87490DF985}"
EndProject
Project("{FAE04EC0-301F-11D3-BF4B-00C04F79EFBC}") = "Assembly-CSharp", "Assembly-CSharp.csproj", "{3C510C45-17BA-9778-D9EF-66F423E69FDE}"
EndProject
Project("{FAE04EC0-301F-11D3-BF4B-00C04F79EFBC}") = "FMODUnityResonance", "FMODUnityResonance.csproj", "{2F8AC56F-70B3-0107-2DFC-0831098E9569}"
EndProject
Project("{FAE04EC0-301F-11D3-BF4B-00C04F79EFBC}") = "FMODUnityEditor", "FMODUnityEditor.csproj", "{F125E4C3-9B58-F0E9-78DA-1E0D7602098C}"
EndProject
Project("{FAE04EC0-301F-11D3-BF4B-00C04F79EFBC}") = "com.rlabrecque.steamworks.net.editor", "com.rlabrecque.steamworks.net.editor.csproj", "{C11962ED-5241-8AB0-B8AC-0CA20D33EFEB}"
EndProject
Project("{FAE04EC0-301F-11D3-BF4B-00C04F79EFBC}") = "FMODUnityResonanceEditor", "FMODUnityResonanceEditor.csproj", "{20155A85-E07D-C27F-7F22-1E8F0A1DD57C}"
EndProject
Global
	GlobalSection(SolutionConfigurationPlatforms) = preSolution
		Debug|Any CPU = Debug|Any CPU
		Release|Any CPU = Release|Any CPU
	EndGlobalSection
	GlobalSection(ProjectConfigurationPlatforms) = postSolution
		{63513F84-33B1-2034-4CC7-F903BCA3C9EC}.Debug|Any CPU.ActiveCfg = Debug|Any CPU
		{63513F84-33B1-2034-4CC7-F903BCA3C9EC}.Debug|Any CPU.Build.0 = Debug|Any CPU
		{63513F84-33B1-2034-4CC7-F903BCA3C9EC}.Release|Any CPU.ActiveCfg = Release|Any CPU
		{63513F84-33B1-2034-4CC7-F903BCA3C9EC}.Release|Any CPU.Build.0 = Release|Any CPU
		{D57663B5-84C2-06EA-4588-0C87490DF985}.Debug|Any CPU.ActiveCfg = Debug|Any CPU
		{D57663B5-84C2-06EA-4588-0C87490DF985}.Debug|Any CPU.Build.0 = Debug|Any CPU
		{D57663B5-84C2-06EA-4588-0C87490DF985}.Release|Any CPU.ActiveCfg = Release|Any CPU
		{D57663B5-84C2-06EA-4588-0C87490DF985}.Release|Any CPU.Build.0 = Release|Any CPU
		{3C510C45-17BA-9778-D9EF-66F423E69FDE}.Debug|Any CPU.ActiveCfg = Debug|Any CPU
		{3C510C45-17BA-9778-D9EF-66F423E69FDE}.Debug|Any CPU.Build.0 = Debug|Any CPU
		{3C510C45-17BA-9778-D9EF-66F423E69FDE}.Release|Any CPU.ActiveCfg = Release|Any CPU
		{3C510C45-17BA-9778-D9EF-66F423E69FDE}.Release|Any CPU.Build.0 = Release|Any CPU
		{2F8AC56F-70B3-0107-2DFC-0831098E9569}.Debug|Any CPU.ActiveCfg = Debug|Any CPU
		{2F8AC56F-70B3-0107-2DFC-0831098E9569}.Debug|Any CPU.Build.0 = Debug|Any CPU
		{2F8AC56F-70B3-0107-2DFC-0831098E9569}.Release|Any CPU.ActiveCfg = Release|Any CPU
		{2F8AC56F-70B3-0107-2DFC-0831098E9569}.Release|Any CPU.Build.0 = Release|Any CPU
		{F125E4C3-9B58-F0E9-78DA-1E0D7602098C}.Debug|Any CPU.ActiveCfg = Debug|Any CPU
		{F125E4C3-9B58-F0E9-78DA-1E0D7602098C}.Debug|Any CPU.Build.0 = Debug|Any CPU
		{F125E4C3-9B58-F0E9-78DA-1E0D7602098C}.Release|Any CPU.ActiveCfg = Release|Any CPU
		{F125E4C3-9B58-F0E9-78DA-1E0D7602098C}.Release|Any CPU.Build.0 = Release|Any CPU
		{C11962ED-5241-8AB0-B8AC-0CA20D33EFEB}.Debug|Any CPU.ActiveCfg = Debug|Any CPU
		{C11962ED-5241-8AB0-B8AC-0CA20D33EFEB}.Debug|Any CPU.Build.0 = Debug|Any CPU
		{C11962ED-5241-8AB0-B8AC-0CA20D33EFEB}.Release|Any CPU.ActiveCfg = Release|Any CPU
		{C11962ED-5241-8AB0-B8AC-0CA20D33EFEB}.Release|Any CPU.Build.0 = Release|Any CPU
		{20155A85-E07D-C27F-7F22-1E8F0A1DD57C}.Debug|Any CPU.ActiveCfg = Debug|Any CPU
		{20155A85-E07D-C27F-7F22-1E8F0A1DD57C}.Debug|Any CPU.Build.0 = Debug|Any CPU
		{20155A85-E07D-C27F-7F22-1E8F0A1DD57C}.Release|Any CPU.ActiveCfg = Release|Any CPU
		{20155A85-E07D-C27F-7F22-1E8F0A1DD57C}.Release|Any CPU.Build.0 = Release|Any CPU
	EndGlobalSection
	GlobalSection(SolutionProperties) = preSolution
		HideSolutionNode = FALSE
	EndGlobalSection
EndGlobal
