
Microsoft Visual Studio Solution File, Format Version 12.00
# Visual Studio 15
Project("{FAE04EC0-301F-11D3-BF4B-00C04F79EFBC}") = "SteamVR", "SteamVR.csproj", "{4AE660DA-B0A9-91CC-F80E-9A6AE2A79B19}"
EndProject
Project("{FAE04EC0-301F-11D3-BF4B-00C04F79EFBC}") = "FMODUnity", "FMODUnity.csproj", "{340660F6-B9D5-AFB0-EFE8-A21AD76E702C}"
EndProject
Project("{FAE04EC0-301F-11D3-BF4B-00C04F79EFBC}") = "com.rlabrecque.steamworks.net", "com.rlabrecque.steamworks.net.csproj", "{6FFAD07A-FE08-63E9-EBCD-DA22E9CA7DD2}"
EndProject
Project("{FAE04EC0-301F-11D3-BF4B-00C04F79EFBC}") = "Assembly-CSharp", "Assembly-CSharp.csproj", "{11164039-5B85-B499-3BFC-7C6BD754B227}"
EndProject
Project("{FAE04EC0-301F-11D3-BF4B-00C04F79EFBC}") = "SteamVR_Actions", "SteamVR_Actions.csproj", "{4FA199DF-C535-63C7-538F-99022A350E53}"
EndProject
Project("{FAE04EC0-301F-11D3-BF4B-00C04F79EFBC}") = "FMODUnityResonance", "FMODUnityResonance.csproj", "{602B9D56-E7DA-AEE2-F5CE-EFC9F523A959}"
EndProject
Project("{FAE04EC0-301F-11D3-BF4B-00C04F79EFBC}") = "FMODUnityEditor", "FMODUnityEditor.csproj", "{E52D039F-C74C-1379-8256-823117417E87}"
EndProject
Project("{FAE04EC0-301F-11D3-BF4B-00C04F79EFBC}") = "SteamVR_Input_Editor", "SteamVR_Input_Editor.csproj", "{CC8D91E8-6213-5876-F93D-0E8F45F01E3F}"
EndProject
Project("{FAE04EC0-301F-11D3-BF4B-00C04F79EFBC}") = "com.rlabrecque.steamworks.net.editor", "com.rlabrecque.steamworks.net.editor.csproj", "{6933BDD4-1A4D-777A-19C9-9362A5BE6A92}"
EndProject
Project("{FAE04EC0-301F-11D3-BF4B-00C04F79EFBC}") = "SteamVR_Editor", "SteamVR_Editor.csproj", "{426B22DC-EA7C-E956-0276-EC8E6AB6214E}"
EndProject
Project("{FAE04EC0-301F-11D3-BF4B-00C04F79EFBC}") = "FMODUnityResonanceEditor", "FMODUnityResonanceEditor.csproj", "{C3D75A94-021D-C4CF-6291-84DE4EF4C3ED}"
EndProject
Project("{FAE04EC0-301F-11D3-BF4B-00C04F79EFBC}") = "SteamVR_Windows_EditorHelper", "SteamVR_Windows_EditorHelper.csproj", "{11D3F371-4290-B42A-B6AB-D67E34D2F3F2}"
EndProject
Global
	GlobalSection(SolutionConfigurationPlatforms) = preSolution
		Debug|Any CPU = Debug|Any CPU
		Release|Any CPU = Release|Any CPU
	EndGlobalSection
	GlobalSection(ProjectConfigurationPlatforms) = postSolution
		{4AE660DA-B0A9-91CC-F80E-9A6AE2A79B19}.Debug|Any CPU.ActiveCfg = Debug|Any CPU
		{4AE660DA-B0A9-91CC-F80E-9A6AE2A79B19}.Debug|Any CPU.Build.0 = Debug|Any CPU
		{4AE660DA-B0A9-91CC-F80E-9A6AE2A79B19}.Release|Any CPU.ActiveCfg = Release|Any CPU
		{4AE660DA-B0A9-91CC-F80E-9A6AE2A79B19}.Release|Any CPU.Build.0 = Release|Any CPU
		{340660F6-B9D5-AFB0-EFE8-A21AD76E702C}.Debug|Any CPU.ActiveCfg = Debug|Any CPU
		{340660F6-B9D5-AFB0-EFE8-A21AD76E702C}.Debug|Any CPU.Build.0 = Debug|Any CPU
		{340660F6-B9D5-AFB0-EFE8-A21AD76E702C}.Release|Any CPU.ActiveCfg = Release|Any CPU
		{340660F6-B9D5-AFB0-EFE8-A21AD76E702C}.Release|Any CPU.Build.0 = Release|Any CPU
		{6FFAD07A-FE08-63E9-EBCD-DA22E9CA7DD2}.Debug|Any CPU.ActiveCfg = Debug|Any CPU
		{6FFAD07A-FE08-63E9-EBCD-DA22E9CA7DD2}.Debug|Any CPU.Build.0 = Debug|Any CPU
		{6FFAD07A-FE08-63E9-EBCD-DA22E9CA7DD2}.Release|Any CPU.ActiveCfg = Release|Any CPU
		{6FFAD07A-FE08-63E9-EBCD-DA22E9CA7DD2}.Release|Any CPU.Build.0 = Release|Any CPU
		{11164039-5B85-B499-3BFC-7C6BD754B227}.Debug|Any CPU.ActiveCfg = Debug|Any CPU
		{11164039-5B85-B499-3BFC-7C6BD754B227}.Debug|Any CPU.Build.0 = Debug|Any CPU
		{11164039-5B85-B499-3BFC-7C6BD754B227}.Release|Any CPU.ActiveCfg = Release|Any CPU
		{11164039-5B85-B499-3BFC-7C6BD754B227}.Release|Any CPU.Build.0 = Release|Any CPU
		{4FA199DF-C535-63C7-538F-99022A350E53}.Debug|Any CPU.ActiveCfg = Debug|Any CPU
		{4FA199DF-C535-63C7-538F-99022A350E53}.Debug|Any CPU.Build.0 = Debug|Any CPU
		{4FA199DF-C535-63C7-538F-99022A350E53}.Release|Any CPU.ActiveCfg = Release|Any CPU
		{4FA199DF-C535-63C7-538F-99022A350E53}.Release|Any CPU.Build.0 = Release|Any CPU
		{602B9D56-E7DA-AEE2-F5CE-EFC9F523A959}.Debug|Any CPU.ActiveCfg = Debug|Any CPU
		{602B9D56-E7DA-AEE2-F5CE-EFC9F523A959}.Debug|Any CPU.Build.0 = Debug|Any CPU
		{602B9D56-E7DA-AEE2-F5CE-EFC9F523A959}.Release|Any CPU.ActiveCfg = Release|Any CPU
		{602B9D56-E7DA-AEE2-F5CE-EFC9F523A959}.Release|Any CPU.Build.0 = Release|Any CPU
		{E52D039F-C74C-1379-8256-823117417E87}.Debug|Any CPU.ActiveCfg = Debug|Any CPU
		{E52D039F-C74C-1379-8256-823117417E87}.Debug|Any CPU.Build.0 = Debug|Any CPU
		{E52D039F-C74C-1379-8256-823117417E87}.Release|Any CPU.ActiveCfg = Release|Any CPU
		{E52D039F-C74C-1379-8256-823117417E87}.Release|Any CPU.Build.0 = Release|Any CPU
		{CC8D91E8-6213-5876-F93D-0E8F45F01E3F}.Debug|Any CPU.ActiveCfg = Debug|Any CPU
		{CC8D91E8-6213-5876-F93D-0E8F45F01E3F}.Debug|Any CPU.Build.0 = Debug|Any CPU
		{CC8D91E8-6213-5876-F93D-0E8F45F01E3F}.Release|Any CPU.ActiveCfg = Release|Any CPU
		{CC8D91E8-6213-5876-F93D-0E8F45F01E3F}.Release|Any CPU.Build.0 = Release|Any CPU
		{6933BDD4-1A4D-777A-19C9-9362A5BE6A92}.Debug|Any CPU.ActiveCfg = Debug|Any CPU
		{6933BDD4-1A4D-777A-19C9-9362A5BE6A92}.Debug|Any CPU.Build.0 = Debug|Any CPU
		{6933BDD4-1A4D-777A-19C9-9362A5BE6A92}.Release|Any CPU.ActiveCfg = Release|Any CPU
		{6933BDD4-1A4D-777A-19C9-9362A5BE6A92}.Release|Any CPU.Build.0 = Release|Any CPU
		{426B22DC-EA7C-E956-0276-EC8E6AB6214E}.Debug|Any CPU.ActiveCfg = Debug|Any CPU
		{426B22DC-EA7C-E956-0276-EC8E6AB6214E}.Debug|Any CPU.Build.0 = Debug|Any CPU
		{426B22DC-EA7C-E956-0276-EC8E6AB6214E}.Release|Any CPU.ActiveCfg = Release|Any CPU
		{426B22DC-EA7C-E956-0276-EC8E6AB6214E}.Release|Any CPU.Build.0 = Release|Any CPU
		{C3D75A94-021D-C4CF-6291-84DE4EF4C3ED}.Debug|Any CPU.ActiveCfg = Debug|Any CPU
		{C3D75A94-021D-C4CF-6291-84DE4EF4C3ED}.Debug|Any CPU.Build.0 = Debug|Any CPU
		{C3D75A94-021D-C4CF-6291-84DE4EF4C3ED}.Release|Any CPU.ActiveCfg = Release|Any CPU
		{C3D75A94-021D-C4CF-6291-84DE4EF4C3ED}.Release|Any CPU.Build.0 = Release|Any CPU
		{11D3F371-4290-B42A-B6AB-D67E34D2F3F2}.Debug|Any CPU.ActiveCfg = Debug|Any CPU
		{11D3F371-4290-B42A-B6AB-D67E34D2F3F2}.Debug|Any CPU.Build.0 = Debug|Any CPU
		{11D3F371-4290-B42A-B6AB-D67E34D2F3F2}.Release|Any CPU.ActiveCfg = Release|Any CPU
		{11D3F371-4290-B42A-B6AB-D67E34D2F3F2}.Release|Any CPU.Build.0 = Release|Any CPU
	EndGlobalSection
	GlobalSection(SolutionProperties) = preSolution
		HideSolutionNode = FALSE
	EndGlobalSection
EndGlobal
