
Microsoft Visual Studio Solution File, Format Version 12.00
# Visual Studio 15
Project("{FAE04EC0-301F-11D3-BF4B-00C04F79EFBC}") = "FMODUnity", "FMODUnity.csproj", "{F4799350-70E5-799C-BAA1-4DC92C61B3E5}"
EndProject
Project("{FAE04EC0-301F-11D3-BF4B-00C04F79EFBC}") = "Assembly-CSharp", "Assembly-CSharp.csproj", "{D19D4158-CA2C-57FF-630F-D2A7040D27C2}"
EndProject
Project("{FAE04EC0-301F-11D3-BF4B-00C04F79EFBC}") = "FMODUnityResonance", "FMODUnityResonance.csproj", "{68ABFAF8-1187-D5F5-6FBD-4C9A6BD36589}"
EndProject
Project("{FAE04EC0-301F-11D3-BF4B-00C04F79EFBC}") = "com.rlabrecque.steamworks.net", "com.rlabrecque.steamworks.net.csproj", "{5A96EC3C-9710-9A60-4A56-7B8A396C3A46}"
EndProject
Project("{FAE04EC0-301F-11D3-BF4B-00C04F79EFBC}") = "FMODUnityEditor", "FMODUnityEditor.csproj", "{21D38B32-35EE-3EA2-6F32-600AAEAC3A4C}"
EndProject
Project("{FAE04EC0-301F-11D3-BF4B-00C04F79EFBC}") = "FMODUnityResonanceEditor", "FMODUnityResonanceEditor.csproj", "{0A4B003B-24FA-6491-3197-25EA5DD7EEC7}"
EndProject
Project("{FAE04EC0-301F-11D3-BF4B-00C04F79EFBC}") = "com.rlabrecque.steamworks.net.editor", "com.rlabrecque.steamworks.net.editor.csproj", "{033E0812-C50F-F6F5-F0B5-EEB3FDF696EB}"
EndProject
Global
	GlobalSection(SolutionConfigurationPlatforms) = preSolution
		Debug|Any CPU = Debug|Any CPU
		Release|Any CPU = Release|Any CPU
	EndGlobalSection
	GlobalSection(ProjectConfigurationPlatforms) = postSolution
		{F4799350-70E5-799C-BAA1-4DC92C61B3E5}.Debug|Any CPU.ActiveCfg = Debug|Any CPU
		{F4799350-70E5-799C-BAA1-4DC92C61B3E5}.Debug|Any CPU.Build.0 = Debug|Any CPU
		{F4799350-70E5-799C-BAA1-4DC92C61B3E5}.Release|Any CPU.ActiveCfg = Release|Any CPU
		{F4799350-70E5-799C-BAA1-4DC92C61B3E5}.Release|Any CPU.Build.0 = Release|Any CPU
		{D19D4158-CA2C-57FF-630F-D2A7040D27C2}.Debug|Any CPU.ActiveCfg = Debug|Any CPU
		{D19D4158-CA2C-57FF-630F-D2A7040D27C2}.Debug|Any CPU.Build.0 = Debug|Any CPU
		{D19D4158-CA2C-57FF-630F-D2A7040D27C2}.Release|Any CPU.ActiveCfg = Release|Any CPU
		{D19D4158-CA2C-57FF-630F-D2A7040D27C2}.Release|Any CPU.Build.0 = Release|Any CPU
		{68ABFAF8-1187-D5F5-6FBD-4C9A6BD36589}.Debug|Any CPU.ActiveCfg = Debug|Any CPU
		{68ABFAF8-1187-D5F5-6FBD-4C9A6BD36589}.Debug|Any CPU.Build.0 = Debug|Any CPU
		{68ABFAF8-1187-D5F5-6FBD-4C9A6BD36589}.Release|Any CPU.ActiveCfg = Release|Any CPU
		{68ABFAF8-1187-D5F5-6FBD-4C9A6BD36589}.Release|Any CPU.Build.0 = Release|Any CPU
		{5A96EC3C-9710-9A60-4A56-7B8A396C3A46}.Debug|Any CPU.ActiveCfg = Debug|Any CPU
		{5A96EC3C-9710-9A60-4A56-7B8A396C3A46}.Debug|Any CPU.Build.0 = Debug|Any CPU
		{5A96EC3C-9710-9A60-4A56-7B8A396C3A46}.Release|Any CPU.ActiveCfg = Release|Any CPU
		{5A96EC3C-9710-9A60-4A56-7B8A396C3A46}.Release|Any CPU.Build.0 = Release|Any CPU
		{21D38B32-35EE-3EA2-6F32-600AAEAC3A4C}.Debug|Any CPU.ActiveCfg = Debug|Any CPU
		{21D38B32-35EE-3EA2-6F32-600AAEAC3A4C}.Debug|Any CPU.Build.0 = Debug|Any CPU
		{21D38B32-35EE-3EA2-6F32-600AAEAC3A4C}.Release|Any CPU.ActiveCfg = Release|Any CPU
		{21D38B32-35EE-3EA2-6F32-600AAEAC3A4C}.Release|Any CPU.Build.0 = Release|Any CPU
		{0A4B003B-24FA-6491-3197-25EA5DD7EEC7}.Debug|Any CPU.ActiveCfg = Debug|Any CPU
		{0A4B003B-24FA-6491-3197-25EA5DD7EEC7}.Debug|Any CPU.Build.0 = Debug|Any CPU
		{0A4B003B-24FA-6491-3197-25EA5DD7EEC7}.Release|Any CPU.ActiveCfg = Release|Any CPU
		{0A4B003B-24FA-6491-3197-25EA5DD7EEC7}.Release|Any CPU.Build.0 = Release|Any CPU
		{033E0812-C50F-F6F5-F0B5-EEB3FDF696EB}.Debug|Any CPU.ActiveCfg = Debug|Any CPU
		{033E0812-C50F-F6F5-F0B5-EEB3FDF696EB}.Debug|Any CPU.Build.0 = Debug|Any CPU
		{033E0812-C50F-F6F5-F0B5-EEB3FDF696EB}.Release|Any CPU.ActiveCfg = Release|Any CPU
		{033E0812-C50F-F6F5-F0B5-EEB3FDF696EB}.Release|Any CPU.Build.0 = Release|Any CPU
	EndGlobalSection
	GlobalSection(SolutionProperties) = preSolution
		HideSolutionNode = FALSE
	EndGlobalSection
EndGlobal
