
Microsoft Visual Studio Solution File, Format Version 12.00
# Visual Studio 15
Project("{FAE04EC0-301F-11D3-BF4B-00C04F79EFBC}") = "SteamVR", "SteamVR.csproj", "{5B7783F5-F8B6-FB30-0A00-2E6125903A87}"
EndProject
Project("{FAE04EC0-301F-11D3-BF4B-00C04F79EFBC}") = "FMODUnity", "FMODUnity.csproj", "{E51B4E95-FC5C-C181-FE58-65161CCCC52A}"
EndProject
Project("{FAE04EC0-301F-11D3-BF4B-00C04F79EFBC}") = "com.rlabrecque.steamworks.net", "com.rlabrecque.steamworks.net.csproj", "{8E75B3CA-95A0-60D8-79E3-3C02E81D2BC8}"
EndProject
Project("{FAE04EC0-301F-11D3-BF4B-00C04F79EFBC}") = "Assembly-CSharp", "Assembly-CSharp.csproj", "{C4658834-E704-EECC-A724-1E729197542F}"
EndProject
Project("{FAE04EC0-301F-11D3-BF4B-00C04F79EFBC}") = "SteamVR_Actions", "SteamVR_Actions.csproj", "{9B9E88DF-499A-2B47-9EB9-72BBDFC2098C}"
EndProject
Project("{FAE04EC0-301F-11D3-BF4B-00C04F79EFBC}") = "FMODUnityResonance", "FMODUnityResonance.csproj", "{0E99920B-4B72-1E8E-9C50-AE6BF7027ABE}"
EndProject
Project("{FAE04EC0-301F-11D3-BF4B-00C04F79EFBC}") = "FMODUnityEditor", "FMODUnityEditor.csproj", "{4A0C1D4C-F3F8-03B7-6646-DBFE4A1D1E35}"
EndProject
Project("{FAE04EC0-301F-11D3-BF4B-00C04F79EFBC}") = "SteamVR_Input_Editor", "SteamVR_Input_Editor.csproj", "{92433D5D-7E6F-9291-61E3-8078858C4101}"
EndProject
Project("{FAE04EC0-301F-11D3-BF4B-00C04F79EFBC}") = "com.rlabrecque.steamworks.net.editor", "com.rlabrecque.steamworks.net.editor.csproj", "{08342FC6-CA3D-64FF-30FB-D92CC9984CF6}"
EndProject
Project("{FAE04EC0-301F-11D3-BF4B-00C04F79EFBC}") = "SteamVR_Editor", "SteamVR_Editor.csproj", "{249A4C58-E09C-9482-A9CF-C805D2113388}"
EndProject
Project("{FAE04EC0-301F-11D3-BF4B-00C04F79EFBC}") = "FMODUnityResonanceEditor", "FMODUnityResonanceEditor.csproj", "{F99026B3-9668-6052-3219-D605668C358C}"
EndProject
Project("{FAE04EC0-301F-11D3-BF4B-00C04F79EFBC}") = "SteamVR_Windows_EditorHelper", "SteamVR_Windows_EditorHelper.csproj", "{553BFDC7-5D75-D58C-0A8C-82CEA050933A}"
EndProject
Global
	GlobalSection(SolutionConfigurationPlatforms) = preSolution
		Debug|Any CPU = Debug|Any CPU
		Release|Any CPU = Release|Any CPU
	EndGlobalSection
	GlobalSection(ProjectConfigurationPlatforms) = postSolution
		{5B7783F5-F8B6-FB30-0A00-2E6125903A87}.Debug|Any CPU.ActiveCfg = Debug|Any CPU
		{5B7783F5-F8B6-FB30-0A00-2E6125903A87}.Debug|Any CPU.Build.0 = Debug|Any CPU
		{5B7783F5-F8B6-FB30-0A00-2E6125903A87}.Release|Any CPU.ActiveCfg = Release|Any CPU
		{5B7783F5-F8B6-FB30-0A00-2E6125903A87}.Release|Any CPU.Build.0 = Release|Any CPU
		{E51B4E95-FC5C-C181-FE58-65161CCCC52A}.Debug|Any CPU.ActiveCfg = Debug|Any CPU
		{E51B4E95-FC5C-C181-FE58-65161CCCC52A}.Debug|Any CPU.Build.0 = Debug|Any CPU
		{E51B4E95-FC5C-C181-FE58-65161CCCC52A}.Release|Any CPU.ActiveCfg = Release|Any CPU
		{E51B4E95-FC5C-C181-FE58-65161CCCC52A}.Release|Any CPU.Build.0 = Release|Any CPU
		{8E75B3CA-95A0-60D8-79E3-3C02E81D2BC8}.Debug|Any CPU.ActiveCfg = Debug|Any CPU
		{8E75B3CA-95A0-60D8-79E3-3C02E81D2BC8}.Debug|Any CPU.Build.0 = Debug|Any CPU
		{8E75B3CA-95A0-60D8-79E3-3C02E81D2BC8}.Release|Any CPU.ActiveCfg = Release|Any CPU
		{8E75B3CA-95A0-60D8-79E3-3C02E81D2BC8}.Release|Any CPU.Build.0 = Release|Any CPU
		{C4658834-E704-EECC-A724-1E729197542F}.Debug|Any CPU.ActiveCfg = Debug|Any CPU
		{C4658834-E704-EECC-A724-1E729197542F}.Debug|Any CPU.Build.0 = Debug|Any CPU
		{C4658834-E704-EECC-A724-1E729197542F}.Release|Any CPU.ActiveCfg = Release|Any CPU
		{C4658834-E704-EECC-A724-1E729197542F}.Release|Any CPU.Build.0 = Release|Any CPU
		{9B9E88DF-499A-2B47-9EB9-72BBDFC2098C}.Debug|Any CPU.ActiveCfg = Debug|Any CPU
		{9B9E88DF-499A-2B47-9EB9-72BBDFC2098C}.Debug|Any CPU.Build.0 = Debug|Any CPU
		{9B9E88DF-499A-2B47-9EB9-72BBDFC2098C}.Release|Any CPU.ActiveCfg = Release|Any CPU
		{9B9E88DF-499A-2B47-9EB9-72BBDFC2098C}.Release|Any CPU.Build.0 = Release|Any CPU
		{0E99920B-4B72-1E8E-9C50-AE6BF7027ABE}.Debug|Any CPU.ActiveCfg = Debug|Any CPU
		{0E99920B-4B72-1E8E-9C50-AE6BF7027ABE}.Debug|Any CPU.Build.0 = Debug|Any CPU
		{0E99920B-4B72-1E8E-9C50-AE6BF7027ABE}.Release|Any CPU.ActiveCfg = Release|Any CPU
		{0E99920B-4B72-1E8E-9C50-AE6BF7027ABE}.Release|Any CPU.Build.0 = Release|Any CPU
		{4A0C1D4C-F3F8-03B7-6646-DBFE4A1D1E35}.Debug|Any CPU.ActiveCfg = Debug|Any CPU
		{4A0C1D4C-F3F8-03B7-6646-DBFE4A1D1E35}.Debug|Any CPU.Build.0 = Debug|Any CPU
		{4A0C1D4C-F3F8-03B7-6646-DBFE4A1D1E35}.Release|Any CPU.ActiveCfg = Release|Any CPU
		{4A0C1D4C-F3F8-03B7-6646-DBFE4A1D1E35}.Release|Any CPU.Build.0 = Release|Any CPU
		{92433D5D-7E6F-9291-61E3-8078858C4101}.Debug|Any CPU.ActiveCfg = Debug|Any CPU
		{92433D5D-7E6F-9291-61E3-8078858C4101}.Debug|Any CPU.Build.0 = Debug|Any CPU
		{92433D5D-7E6F-9291-61E3-8078858C4101}.Release|Any CPU.ActiveCfg = Release|Any CPU
		{92433D5D-7E6F-9291-61E3-8078858C4101}.Release|Any CPU.Build.0 = Release|Any CPU
		{08342FC6-CA3D-64FF-30FB-D92CC9984CF6}.Debug|Any CPU.ActiveCfg = Debug|Any CPU
		{08342FC6-CA3D-64FF-30FB-D92CC9984CF6}.Debug|Any CPU.Build.0 = Debug|Any CPU
		{08342FC6-CA3D-64FF-30FB-D92CC9984CF6}.Release|Any CPU.ActiveCfg = Release|Any CPU
		{08342FC6-CA3D-64FF-30FB-D92CC9984CF6}.Release|Any CPU.Build.0 = Release|Any CPU
		{249A4C58-E09C-9482-A9CF-C805D2113388}.Debug|Any CPU.ActiveCfg = Debug|Any CPU
		{249A4C58-E09C-9482-A9CF-C805D2113388}.Debug|Any CPU.Build.0 = Debug|Any CPU
		{249A4C58-E09C-9482-A9CF-C805D2113388}.Release|Any CPU.ActiveCfg = Release|Any CPU
		{249A4C58-E09C-9482-A9CF-C805D2113388}.Release|Any CPU.Build.0 = Release|Any CPU
		{F99026B3-9668-6052-3219-D605668C358C}.Debug|Any CPU.ActiveCfg = Debug|Any CPU
		{F99026B3-9668-6052-3219-D605668C358C}.Debug|Any CPU.Build.0 = Debug|Any CPU
		{F99026B3-9668-6052-3219-D605668C358C}.Release|Any CPU.ActiveCfg = Release|Any CPU
		{F99026B3-9668-6052-3219-D605668C358C}.Release|Any CPU.Build.0 = Release|Any CPU
		{553BFDC7-5D75-D58C-0A8C-82CEA050933A}.Debug|Any CPU.ActiveCfg = Debug|Any CPU
		{553BFDC7-5D75-D58C-0A8C-82CEA050933A}.Debug|Any CPU.Build.0 = Debug|Any CPU
		{553BFDC7-5D75-D58C-0A8C-82CEA050933A}.Release|Any CPU.ActiveCfg = Release|Any CPU
		{553BFDC7-5D75-D58C-0A8C-82CEA050933A}.Release|Any CPU.Build.0 = Release|Any CPU
	EndGlobalSection
	GlobalSection(SolutionProperties) = preSolution
		HideSolutionNode = FALSE
	EndGlobalSection
EndGlobal
